
Microsoft Visual Studio Solution File, Format Version 12.00
# Visual Studio Version 16
VisualStudioVersion = 16.0.32630.194
MinimumVisualStudioVersion = 10.0.40219.1
Project("{FAE04EC0-301F-11D3-BF4B-00C04F79EFBC}") = "BoockAPI", "BoockAPI\BoockAPI.csproj", "{80A6935F-4195-4074-AA8F-E9DFC39274D7}"
EndProject
Global
	GlobalSection(SolutionConfigurationPlatforms) = preSolution
		Debug|Any CPU = Debug|Any CPU
		Release|Any CPU = Release|Any CPU
	EndGlobalSection
	GlobalSection(ProjectConfigurationPlatforms) = postSolution
		{80A6935F-4195-4074-AA8F-E9DFC39274D7}.Debug|Any CPU.ActiveCfg = Debug|Any CPU
		{80A6935F-4195-4074-AA8F-E9DFC39274D7}.Debug|Any CPU.Build.0 = Debug|Any CPU
		{80A6935F-4195-4074-AA8F-E9DFC39274D7}.Release|Any CPU.ActiveCfg = Release|Any CPU
		{80A6935F-4195-4074-AA8F-E9DFC39274D7}.Release|Any CPU.Build.0 = Release|Any CPU
	EndGlobalSection
	GlobalSection(SolutionProperties) = preSolution
		HideSolutionNode = FALSE
	EndGlobalSection
	GlobalSection(ExtensibilityGlobals) = postSolution
		SolutionGuid = {4E3F6C7B-BDA8-4B6F-891A-D6929B967008}
	EndGlobalSection
EndGlobal
